
Microsoft Visual Studio Solution File, Format Version 12.00
# Visual Studio 15
VisualStudioVersion = 15.0.28307.329
MinimumVisualStudioVersion = 10.0.40219.1
Project("{FAE04EC0-301F-11D3-BF4B-00C04F79EFBC}") = "week3", "week3\week3.csproj", "{BB4A1F60-A2AF-4141-BA48-68C0F6826A43}"
EndProject
Global
	GlobalSection(SolutionConfigurationPlatforms) = preSolution
		Debug|Any CPU = Debug|Any CPU
		Release|Any CPU = Release|Any CPU
	EndGlobalSection
	GlobalSection(ProjectConfigurationPlatforms) = postSolution
		{BB4A1F60-A2AF-4141-BA48-68C0F6826A43}.Debug|Any CPU.ActiveCfg = Debug|Any CPU
		{BB4A1F60-A2AF-4141-BA48-68C0F6826A43}.Debug|Any CPU.Build.0 = Debug|Any CPU
		{BB4A1F60-A2AF-4141-BA48-68C0F6826A43}.Release|Any CPU.ActiveCfg = Release|Any CPU
		{BB4A1F60-A2AF-4141-BA48-68C0F6826A43}.Release|Any CPU.Build.0 = Release|Any CPU
	EndGlobalSection
	GlobalSection(SolutionProperties) = preSolution
		HideSolutionNode = FALSE
	EndGlobalSection
	GlobalSection(ExtensibilityGlobals) = postSolution
		SolutionGuid = {DDEFC7F2-1733-4ACF-81E2-FFFF60C4EC90}
	EndGlobalSection
EndGlobal
